<?xml version="1.0" encoding="utf-8"?>
<Project ToolsVersion="4.0" xmlns="http://schemas.microsoft.com/developer/msbuild/2003">
  <ItemGroup>
    <Filter Include="Source Files">
      <UniqueIdentifier>{4FC737F1-C7A5-4376-A066-2A32D752A2FF}</UniqueIdentifier>
      <Extensions>cpp;c;cc;cxx;c++;cppm;ixx;def;odl;idl;hpj;bat;asm;asmx</Extensions>
    </Filter>
    <Filter Include="Header Files">
      <UniqueIdentifier>{93995380-89BD-4b04-88EB-625FBE52EBFB}</UniqueIdentifier>
      <Extensions>h;hh;hpp;hxx;h++;hm;inl;inc;ipp;xsd</Extensions>
    </Filter>
    <Filter Include="Resource Files">
      <UniqueIdentifier>{67DA6AB6-F800-4c08-8B7A-83BB121AAD01}</UniqueIdentifier>
      <Extensions>rc;ico;cur;bmp;dlg;rc2;rct;bin;rgs;gif;jpg;jpeg;jpe;resx;tiff;tif;png;wav;mfcribbon-ms</Extensions>
    </Filter>
    <Filter Include="src">
      <UniqueIdentifier>{9f40de77-fe96-4b04-bfc0-1b65d740ceea}</UniqueIdentifier>
    </Filter>
    <Filter Include="assets">
      <UniqueIdentifier>{49e74336-c6a5-42f1-b3e7-1072c7262f20}</UniqueIdentifier>
    </Filter>
    <Filter Include="Include">
      <UniqueIdentifier>{d5978adb-9b74-48e6-bd23-22d831b91d37}</UniqueIdentifier>
    </Filter>
    <Filter Include="assets\images">
      <UniqueIdentifier>{1bcbd24f-38b0-41dd-9e7f-dd4e26c6d7c8}</UniqueIdentifier>
    </Filter>
    <Filter Include="assets\sounds">
      <UniqueIdentifier>{18a1c241-26ab-4bef-9c19-3b83540a7378}</UniqueIdentifier>
    </Filter>
    <Filter Include="assets\fonts">
      <UniqueIdentifier>{3b4a9bb0-a73b-4da7-8b97-ac385cbc8710}</UniqueIdentifier>
    </Filter>
  </ItemGroup>
  <ItemGroup>
    <ClCompile Include="main.cpp">
      <Filter>src</Filter>
    </ClCompile>
    <ClCompile Include="Pacman.cpp">
      <Filter>src</Filter>
    </ClCompile>
    <ClCompile Include="Fantasma.cpp">
      <Filter>src</Filter>
    </ClCompile>
    <ClCompile Include="Mapa.cpp">
      <Filter>src</Filter>
    </ClCompile>
    <ClCompile Include="HUD.cpp">
      <Filter>src</Filter>
    </ClCompile>
    <ClCompile Include="Game.cpp">
      <Filter>src</Filter>
    </ClCompile>
    <ClCompile Include="TextureLoader.cpp">
      <Filter>src</Filter>
    </ClCompile>
    <ClCompile Include="Source.cpp">
      <Filter>src</Filter>
    </ClCompile>
  </ItemGroup>
  <ItemGroup>
    <ClInclude Include="Pacman.h">
      <Filter>Include</Filter>
    </ClInclude>
    <ClInclude Include="Fantasma.h">
      <Filter>Include</Filter>
    </ClInclude>
    <ClInclude Include="Mapa.h">
      <Filter>Include</Filter>
    </ClInclude>
    <ClInclude Include="HUD.h">
      <Filter>Include</Filter>
    </ClInclude>
    <ClInclude Include="Game.h">
      <Filter>Include</Filter>
    </ClInclude>
    <ClInclude Include="stb_image.h">
      <Filter>Include</Filter>
    </ClInclude>
    <ClInclude Include="TextureLoader.h">
      <Filter>Include</Filter>
    </ClInclude>
  </ItemGroup>
  <ItemGroup>
    <None Include="cpp.hint" />
  </ItemGroup>
</Project>